<?xml version="1.0" encoding="UTF-8" standalone="yes" ?>
<CodeBlocks_project_file>
	<FileVersion major="1" minor="6" />
	<Project>
		<Option title="mso-api-request" />
		<Option pch_mode="2" />
		<Option compiler="gcc" />
		<Build>
			<Target title="Debug">
				<Option output="bin/Debug/mso-api-request" prefix_auto="1" extension_auto="1" />
				<Option object_output="obj/Debug/" />
				<Option type="1" />
				<Option compiler="gcc" />
				<Compiler>
					<Add option="-g" />
					<Add option="-DSCAN_TOOL_DEBUG" />
				</Compiler>
			</Target>
			<Target title="Release">
				<Option output="bin/Release/mso-api-request" prefix_auto="1" extension_auto="1" />
				<Option object_output="obj/Release/" />
				<Option type="1" />
				<Option compiler="gcc" />
				<Compiler>
					<Add option="-O2" />
				</Compiler>
				<Linker>
					<Add option="-s" />
				</Linker>
			</Target>
		</Build>
		<Compiler>
			<Add option="-Weffc++" />
			<Add option="-std=c++0x" />
			<Add option="-Wall" />
			<Add option="-fexceptions" />
		</Compiler>
		<Linker>
			<Add library="curl" />
			<Add library="jsoncpp" />
		</Linker>
		<Unit filename="../../libstriezel/common/StringUtils.cpp" />
		<Unit filename="../../libstriezel/common/StringUtils.hpp" />
		<Unit filename="../../libstriezel/filesystem/directory.cpp" />
		<Unit filename="../../libstriezel/filesystem/directory.hpp" />
		<Unit filename="../../libstriezel/filesystem/file.cpp" />
		<Unit filename="../../libstriezel/filesystem/file.hpp" />
		<Unit filename="../../libstriezel/hash/sha256/sha256.cpp" />
		<Unit filename="../../libstriezel/hash/sha256/sha256.hpp" />
		<Unit filename="../Curly.cpp" />
		<Unit filename="../Curly.hpp" />
		<Unit filename="../Engine.cpp" />
		<Unit filename="../Engine.hpp" />
		<Unit filename="../metascan/Engine.cpp" />
		<Unit filename="../metascan/Engine.hpp" />
		<Unit filename="../metascan/Report.cpp" />
		<Unit filename="../metascan/Report.hpp" />
		<Unit filename="../ReturnCodes.hpp" />
		<Unit filename="../Scanner.cpp" />
		<Unit filename="../Scanner.hpp" />
		<Unit filename="../metascan/Scanner.cpp" />
		<Unit filename="../metascan/Scanner.hpp" />
		<Unit filename="main.cpp" />
		<Extensions>
			<code_completion />
			<envvars />
			<debugger />
			<lib_finder disable_auto="1" />
		</Extensions>
	</Project>
</CodeBlocks_project_file>
